
Microsoft Visual Studio Solution File, Format Version 12.00
# Visual Studio Version 16
VisualStudioVersion = 16.0.29519.87
MinimumVisualStudioVersion = 10.0.40219.1
Project("{FAE04EC0-301F-11D3-BF4B-00C04F79EFBC}") = "advent01", "advent01\advent01.csproj", "{2E4B18ED-40C2-46D4-BEE2-D78379F7C50D}"
EndProject
Global
	GlobalSection(SolutionConfigurationPlatforms) = preSolution
		Debug|Any CPU = Debug|Any CPU
		Release|Any CPU = Release|Any CPU
	EndGlobalSection
	GlobalSection(ProjectConfigurationPlatforms) = postSolution
		{2E4B18ED-40C2-46D4-BEE2-D78379F7C50D}.Debug|Any CPU.ActiveCfg = Debug|Any CPU
		{2E4B18ED-40C2-46D4-BEE2-D78379F7C50D}.Debug|Any CPU.Build.0 = Debug|Any CPU
		{2E4B18ED-40C2-46D4-BEE2-D78379F7C50D}.Release|Any CPU.ActiveCfg = Release|Any CPU
		{2E4B18ED-40C2-46D4-BEE2-D78379F7C50D}.Release|Any CPU.Build.0 = Release|Any CPU
	EndGlobalSection
	GlobalSection(SolutionProperties) = preSolution
		HideSolutionNode = FALSE
	EndGlobalSection
	GlobalSection(ExtensibilityGlobals) = postSolution
		SolutionGuid = {CE0BD846-19B0-4136-BC7F-2D31F3ED1577}
	EndGlobalSection
EndGlobal
