
Microsoft Visual Studio Solution File, Format Version 12.00
# Visual Studio Version 16
VisualStudioVersion = 16.0.29519.87
MinimumVisualStudioVersion = 10.0.40219.1
Project("{FAE04EC0-301F-11D3-BF4B-00C04F79EFBC}") = "advent03", "advent03\advent03.csproj", "{D0693D96-54E7-428F-A71E-E5BE09BB6668}"
EndProject
Global
	GlobalSection(SolutionConfigurationPlatforms) = preSolution
		Debug|Any CPU = Debug|Any CPU
		Release|Any CPU = Release|Any CPU
	EndGlobalSection
	GlobalSection(ProjectConfigurationPlatforms) = postSolution
		{D0693D96-54E7-428F-A71E-E5BE09BB6668}.Debug|Any CPU.ActiveCfg = Debug|Any CPU
		{D0693D96-54E7-428F-A71E-E5BE09BB6668}.Debug|Any CPU.Build.0 = Debug|Any CPU
		{D0693D96-54E7-428F-A71E-E5BE09BB6668}.Release|Any CPU.ActiveCfg = Release|Any CPU
		{D0693D96-54E7-428F-A71E-E5BE09BB6668}.Release|Any CPU.Build.0 = Release|Any CPU
	EndGlobalSection
	GlobalSection(SolutionProperties) = preSolution
		HideSolutionNode = FALSE
	EndGlobalSection
	GlobalSection(ExtensibilityGlobals) = postSolution
		SolutionGuid = {EF2AAB5B-30DF-4900-AE74-F7DFB73F21E1}
	EndGlobalSection
EndGlobal
