
Microsoft Visual Studio Solution File, Format Version 12.00
# Visual Studio Version 16
VisualStudioVersion = 16.0.29519.87
MinimumVisualStudioVersion = 10.0.40219.1
Project("{FAE04EC0-301F-11D3-BF4B-00C04F79EFBC}") = "advent07-2", "advent07-2\advent07-2.csproj", "{FA06A9BF-6CD1-42AD-B7EF-88418A53CC13}"
EndProject
Global
	GlobalSection(SolutionConfigurationPlatforms) = preSolution
		Debug|Any CPU = Debug|Any CPU
		Release|Any CPU = Release|Any CPU
	EndGlobalSection
	GlobalSection(ProjectConfigurationPlatforms) = postSolution
		{FA06A9BF-6CD1-42AD-B7EF-88418A53CC13}.Debug|Any CPU.ActiveCfg = Debug|Any CPU
		{FA06A9BF-6CD1-42AD-B7EF-88418A53CC13}.Debug|Any CPU.Build.0 = Debug|Any CPU
		{FA06A9BF-6CD1-42AD-B7EF-88418A53CC13}.Release|Any CPU.ActiveCfg = Release|Any CPU
		{FA06A9BF-6CD1-42AD-B7EF-88418A53CC13}.Release|Any CPU.Build.0 = Release|Any CPU
	EndGlobalSection
	GlobalSection(SolutionProperties) = preSolution
		HideSolutionNode = FALSE
	EndGlobalSection
	GlobalSection(ExtensibilityGlobals) = postSolution
		SolutionGuid = {102D7A77-6582-40F9-98C3-AC9856DBBBE7}
	EndGlobalSection
EndGlobal
