
Microsoft Visual Studio Solution File, Format Version 12.00
# Visual Studio Version 16
VisualStudioVersion = 16.0.29519.87
MinimumVisualStudioVersion = 10.0.40219.1
Project("{FAE04EC0-301F-11D3-BF4B-00C04F79EFBC}") = "advent08", "advent08\advent08.csproj", "{D9BC4CAD-61D5-4D58-B088-C2E46A260CE2}"
EndProject
Global
	GlobalSection(SolutionConfigurationPlatforms) = preSolution
		Debug|Any CPU = Debug|Any CPU
		Release|Any CPU = Release|Any CPU
	EndGlobalSection
	GlobalSection(ProjectConfigurationPlatforms) = postSolution
		{D9BC4CAD-61D5-4D58-B088-C2E46A260CE2}.Debug|Any CPU.ActiveCfg = Debug|Any CPU
		{D9BC4CAD-61D5-4D58-B088-C2E46A260CE2}.Debug|Any CPU.Build.0 = Debug|Any CPU
		{D9BC4CAD-61D5-4D58-B088-C2E46A260CE2}.Release|Any CPU.ActiveCfg = Release|Any CPU
		{D9BC4CAD-61D5-4D58-B088-C2E46A260CE2}.Release|Any CPU.Build.0 = Release|Any CPU
	EndGlobalSection
	GlobalSection(SolutionProperties) = preSolution
		HideSolutionNode = FALSE
	EndGlobalSection
	GlobalSection(ExtensibilityGlobals) = postSolution
		SolutionGuid = {7AF22E26-34F3-42DE-9476-E56D375C8712}
	EndGlobalSection
EndGlobal
