
Microsoft Visual Studio Solution File, Format Version 12.00
# Visual Studio Version 16
VisualStudioVersion = 16.0.29519.87
MinimumVisualStudioVersion = 10.0.40219.1
Project("{FAE04EC0-301F-11D3-BF4B-00C04F79EFBC}") = "advent02", "advent02\advent02.csproj", "{705C68AC-BB8F-4CCD-BF04-896D19227E58}"
EndProject
Global
	GlobalSection(SolutionConfigurationPlatforms) = preSolution
		Debug|Any CPU = Debug|Any CPU
		Release|Any CPU = Release|Any CPU
	EndGlobalSection
	GlobalSection(ProjectConfigurationPlatforms) = postSolution
		{705C68AC-BB8F-4CCD-BF04-896D19227E58}.Debug|Any CPU.ActiveCfg = Debug|Any CPU
		{705C68AC-BB8F-4CCD-BF04-896D19227E58}.Debug|Any CPU.Build.0 = Debug|Any CPU
		{705C68AC-BB8F-4CCD-BF04-896D19227E58}.Release|Any CPU.ActiveCfg = Release|Any CPU
		{705C68AC-BB8F-4CCD-BF04-896D19227E58}.Release|Any CPU.Build.0 = Release|Any CPU
	EndGlobalSection
	GlobalSection(SolutionProperties) = preSolution
		HideSolutionNode = FALSE
	EndGlobalSection
	GlobalSection(ExtensibilityGlobals) = postSolution
		SolutionGuid = {9F8716FF-7045-4BCD-A157-766BF1122D9A}
	EndGlobalSection
EndGlobal
